
Microsoft Visual Studio Solution File, Format Version 12.00
# Visual Studio Version 17
VisualStudioVersion = 17.13.36105.23 d17.13
MinimumVisualStudioVersion = 10.0.40219.1
Project("{FAE04EC0-301F-11D3-BF4B-00C04F79EFBC}") = "InsuranceDataLibrary", "InsuranceDataLibrary\InsuranceDataLibrary.csproj", "{2F7AC6A6-E350-4171-BAF7-670417A883AD}"
EndProject
Project("{FAE04EC0-301F-11D3-BF4B-00C04F79EFBC}") = "InsuranceDataLibraryTests", "InsuranceDataLibraryTests\InsuranceDataLibraryTests.csproj", "{EB4B9879-EC11-4606-B615-152A00F7DF86}"
EndProject
Global
	GlobalSection(SolutionConfigurationPlatforms) = preSolution
		Debug|Any CPU = Debug|Any CPU
		Release|Any CPU = Release|Any CPU
	EndGlobalSection
	GlobalSection(ProjectConfigurationPlatforms) = postSolution
		{2F7AC6A6-E350-4171-BAF7-670417A883AD}.Debug|Any CPU.ActiveCfg = Debug|Any CPU
		{2F7AC6A6-E350-4171-BAF7-670417A883AD}.Debug|Any CPU.Build.0 = Debug|Any CPU
		{2F7AC6A6-E350-4171-BAF7-670417A883AD}.Release|Any CPU.ActiveCfg = Release|Any CPU
		{2F7AC6A6-E350-4171-BAF7-670417A883AD}.Release|Any CPU.Build.0 = Release|Any CPU
		{EB4B9879-EC11-4606-B615-152A00F7DF86}.Debug|Any CPU.ActiveCfg = Debug|Any CPU
		{EB4B9879-EC11-4606-B615-152A00F7DF86}.Debug|Any CPU.Build.0 = Debug|Any CPU
		{EB4B9879-EC11-4606-B615-152A00F7DF86}.Release|Any CPU.ActiveCfg = Release|Any CPU
		{EB4B9879-EC11-4606-B615-152A00F7DF86}.Release|Any CPU.Build.0 = Release|Any CPU
	EndGlobalSection
	GlobalSection(SolutionProperties) = preSolution
		HideSolutionNode = FALSE
	EndGlobalSection
	GlobalSection(ExtensibilityGlobals) = postSolution
		SolutionGuid = {62F03493-D9A1-46E7-AE41-2A7AF9DDA044}
	EndGlobalSection
EndGlobal
